
Microsoft Visual Studio Solution File, Format Version 12.00
Project("{FAE04EC0-301F-11D3-BF4B-00C04F79EFBC}") = "BackendWorkshop", "BackendWorkshop\BackendWorkshop.csproj", "{D77DD51E-EB0E-4DAB-B997-6BC4FF69113D}"
EndProject
Global
	GlobalSection(SolutionConfigurationPlatforms) = preSolution
		Debug|Any CPU = Debug|Any CPU
		Release|Any CPU = Release|Any CPU
	EndGlobalSection
	GlobalSection(ProjectConfigurationPlatforms) = postSolution
		{D77DD51E-EB0E-4DAB-B997-6BC4FF69113D}.Debug|Any CPU.ActiveCfg = Debug|Any CPU
		{D77DD51E-EB0E-4DAB-B997-6BC4FF69113D}.Debug|Any CPU.Build.0 = Debug|Any CPU
		{D77DD51E-EB0E-4DAB-B997-6BC4FF69113D}.Release|Any CPU.ActiveCfg = Release|Any CPU
		{D77DD51E-EB0E-4DAB-B997-6BC4FF69113D}.Release|Any CPU.Build.0 = Release|Any CPU
	EndGlobalSection
EndGlobal
